
Microsoft Visual Studio Solution File, Format Version 12.00
# Visual Studio Version 17
VisualStudioVersion = 17.2.32630.192
MinimumVisualStudioVersion = 10.0.40219.1
Project("{FAE04EC0-301F-11D3-BF4B-00C04F79EFBC}") = "ObjetosDuplicados", "ObjetosDuplicados\ObjetosDuplicados.csproj", "{64CBAA56-9BDD-4D93-8AC6-37D9B63FB1AA}"
EndProject
Project("{FAE04EC0-301F-11D3-BF4B-00C04F79EFBC}") = "ObjetosDuplicados.Teste", "ObjetosDuplicados.Teste\ObjetosDuplicados.Teste.csproj", "{ED6FFC23-1C33-4817-B5F6-833F0496BAEA}"
EndProject
Global
	GlobalSection(SolutionConfigurationPlatforms) = preSolution
		Debug|Any CPU = Debug|Any CPU
		Release|Any CPU = Release|Any CPU
	EndGlobalSection
	GlobalSection(ProjectConfigurationPlatforms) = postSolution
		{64CBAA56-9BDD-4D93-8AC6-37D9B63FB1AA}.Debug|Any CPU.ActiveCfg = Debug|Any CPU
		{64CBAA56-9BDD-4D93-8AC6-37D9B63FB1AA}.Debug|Any CPU.Build.0 = Debug|Any CPU
		{64CBAA56-9BDD-4D93-8AC6-37D9B63FB1AA}.Release|Any CPU.ActiveCfg = Release|Any CPU
		{64CBAA56-9BDD-4D93-8AC6-37D9B63FB1AA}.Release|Any CPU.Build.0 = Release|Any CPU
		{ED6FFC23-1C33-4817-B5F6-833F0496BAEA}.Debug|Any CPU.ActiveCfg = Debug|Any CPU
		{ED6FFC23-1C33-4817-B5F6-833F0496BAEA}.Debug|Any CPU.Build.0 = Debug|Any CPU
		{ED6FFC23-1C33-4817-B5F6-833F0496BAEA}.Release|Any CPU.ActiveCfg = Release|Any CPU
		{ED6FFC23-1C33-4817-B5F6-833F0496BAEA}.Release|Any CPU.Build.0 = Release|Any CPU
	EndGlobalSection
	GlobalSection(SolutionProperties) = preSolution
		HideSolutionNode = FALSE
	EndGlobalSection
	GlobalSection(ExtensibilityGlobals) = postSolution
		SolutionGuid = {E2267027-170F-4614-97F5-337604FAEC0F}
	EndGlobalSection
EndGlobal
